
Microsoft Visual Studio Solution File, Format Version 12.00
# Visual Studio 2012
Project("{FAE04EC0-301F-11D3-BF4B-00C04F79EFBC}") = "车库智能寻位系统", "车库智能寻位系统\车库智能寻位系统.csproj", "{F88151A8-664A-4E34-A6E8-4952034190E1}"
EndProject
Global
	GlobalSection(SolutionConfigurationPlatforms) = preSolution
		Debug|Any CPU = Debug|Any CPU
		Release|Any CPU = Release|Any CPU
	EndGlobalSection
	GlobalSection(ProjectConfigurationPlatforms) = postSolution
		{F88151A8-664A-4E34-A6E8-4952034190E1}.Debug|Any CPU.ActiveCfg = Debug|Any CPU
		{F88151A8-664A-4E34-A6E8-4952034190E1}.Debug|Any CPU.Build.0 = Debug|Any CPU
		{F88151A8-664A-4E34-A6E8-4952034190E1}.Debug|Any CPU.Deploy.0 = Debug|Any CPU
		{F88151A8-664A-4E34-A6E8-4952034190E1}.Release|Any CPU.ActiveCfg = Release|Any CPU
		{F88151A8-664A-4E34-A6E8-4952034190E1}.Release|Any CPU.Build.0 = Release|Any CPU
	EndGlobalSection
	GlobalSection(SolutionProperties) = preSolution
		HideSolutionNode = FALSE
	EndGlobalSection
EndGlobal
